// !$*UTF8*$!
{
	archiveVersion = 1;
	classes = {
	};
	objectVersion = 77;
	objects = {

/* Begin PBXBuildFile section */
		00A8A57CB85F3DEEC79B83AF /* WatchTerminalProvisioningSettings.swift in Sources */ = {isa = PBXBuildFile; fileRef = B20440B35638B5FF94AF10A0 /* WatchTerminalProvisioningSettings.swift */; };
		0238BFAC7D9D67865051829A /* PiTerminalView.swift in Sources */ = {isa = PBXBuildFile; fileRef = 9CDED70C520590C29476EBEF /* PiTerminalView.swift */; };
		0270B90D3D4F52F5A77FE14E /* WidgetSupport.swift in Sources */ = {isa = PBXBuildFile; fileRef = 40C659E6D5CAA095003D8887 /* WidgetSupport.swift */; };
		0A666BCB6A0896655C0ACE28 /* JARVISTerminalConfigurationStore.swift in Sources */ = {isa = PBXBuildFile; fileRef = 325AC9EE99D5B5BA85A84D73 /* JARVISTerminalConfigurationStore.swift */; };
		1D5E7CC1DB8E703A3D114F61 /* JARVISKit in Frameworks */ = {isa = PBXBuildFile; productRef = A8068A9EC5CBE6A47B603710 /* JARVISKit */; };
		1DC8B19B903AE4B1F55DDA99 /* SettingsComponents.swift in Sources */ = {isa = PBXBuildFile; fileRef = 9C46E3BC685749515DD7CB04 /* SettingsComponents.swift */; };
		21E9789B6D7FDCFD43AD0B35 /* WidgetSupport.swift in Sources */ = {isa = PBXBuildFile; fileRef = C6B471182994AE2EC6CE2DEB /* WidgetSupport.swift */; };
		2392D67F2D4A760498DF32EA /* Assets.xcassets in Resources */ = {isa = PBXBuildFile; fileRef = ED67C789A071ACDEA4FD69FC /* Assets.xcassets */; };
		26D143A1482F252A0D5C3892 /* JARVISWidget.appex in Embed Foundation Extensions */ = {isa = PBXBuildFile; fileRef = 1B144126B4647E06FE7EED06 /* JARVISWidget.appex */; settings = {ATTRIBUTES = (RemoveHeadersOnCopy, ); }; };
		2C39CF58603D08048BA65D1A /* LauncherWidget.swift in Sources */ = {isa = PBXBuildFile; fileRef = 6FFAD68F450FB6F9BE8C17A8 /* LauncherWidget.swift */; };
		2DD281718165D457D750A2CC /* NeuralCoreArtwork.swift in Sources */ = {isa = PBXBuildFile; fileRef = 197A46DD464AA704E3FB32E9 /* NeuralCoreArtwork.swift */; };
		2DD3D8F93DACBDBEFC94B1E1 /* NeuralCoreWidget.swift in Sources */ = {isa = PBXBuildFile; fileRef = 535E6788F7CEA7378CB167A8 /* NeuralCoreWidget.swift */; };
		320AA268217C4ADD510AE5B5 /* PiTerminalSettingsView.swift in Sources */ = {isa = PBXBuildFile; fileRef = 137E1FF7B884864E7A46CE7B /* PiTerminalSettingsView.swift */; };
		357F018439F498E3E4F7CE50 /* NeuralCoreContinuousAnimation.swift in Sources */ = {isa = PBXBuildFile; fileRef = A5136B3B670CA19BFD429B9D /* NeuralCoreContinuousAnimation.swift */; };
		36A69B470B414FB117BBFF90 /* JARVISKit in Frameworks */ = {isa = PBXBuildFile; productRef = 3ABAE6AF34972138CF478F09 /* JARVISKit */; };
		401A7D4BAE710D8F8E5F0013 /* ConnectionSettingsView.swift in Sources */ = {isa = PBXBuildFile; fileRef = C05CEF9EA2E1CBE04169AAE3 /* ConnectionSettingsView.swift */; };
		42EC3171702509A4088C16D9 /* FillRect-Regular.otf in Resources */ = {isa = PBXBuildFile; fileRef = 8AC50929D8C075ED60E109B1 /* FillRect-Regular.otf */; };
		4531362D9F95607130CA5155 /* PiTerminalController.swift in Sources */ = {isa = PBXBuildFile; fileRef = 31627FF42650862FB0296B9C /* PiTerminalController.swift */; };
		47D15BD4F3FC45BED8969D74 /* WatchTerminalView.swift in Sources */ = {isa = PBXBuildFile; fileRef = 02220D93FADA230BF50A667D /* WatchTerminalView.swift */; };
		4D6AD90453F695032754DD43 /* PlugGridWidget.swift in Sources */ = {isa = PBXBuildFile; fileRef = E8809C45C2B5B50122DA0982 /* PlugGridWidget.swift */; };
		4E6CBD9D3FD1B7C1FCA867DB /* NIOCore in Frameworks */ = {isa = PBXBuildFile; productRef = 8448BBD15DA42029DD6D6212 /* NIOCore */; };
		502BA725716FA9E24A1C920F /* PlugGridWidget.swift in Sources */ = {isa = PBXBuildFile; fileRef = 6BF5A98DC51DC81EE26993D8 /* PlugGridWidget.swift */; };
		5031EA9725F243EAEA791808 /* JARVISWatchApp.swift in Sources */ = {isa = PBXBuildFile; fileRef = 366131BF98CEBD234A1B3EAC /* JARVISWatchApp.swift */; };
		513C03156788F045E10B6DC3 /* PrivacyInfo.xcprivacy in Resources */ = {isa = PBXBuildFile; fileRef = F511B3C48F0433661629C5AB /* PrivacyInfo.xcprivacy */; };
		52D863AFDF79688CA2CF1042 /* NIOSSH in Frameworks */ = {isa = PBXBuildFile; productRef = 1F4C583917FA03DBF11F4A10 /* NIOSSH */; };
		5346D2FDEE84631A3FD82800 /* JARVISWidgetIntents.swift in Sources */ = {isa = PBXBuildFile; fileRef = 99FB663313210EC6BDA6EBB3 /* JARVISWidgetIntents.swift */; };
		576BB6C417A8A28E379D2A45 /* WatchTerminalSettingsView.swift in Sources */ = {isa = PBXBuildFile; fileRef = 9CCF76B704DABA34258B7094 /* WatchTerminalSettingsView.swift */; };
		5EC0D4F5DD8E98A6BD59C4D1 /* JARVISWidgetIntents.swift in Sources */ = {isa = PBXBuildFile; fileRef = 99FB663313210EC6BDA6EBB3 /* JARVISWidgetIntents.swift */; };
		5EE603D6F7625CB12B142116 /* PurifierWidget.swift in Sources */ = {isa = PBXBuildFile; fileRef = B980A60932E185CB6D8AD60A /* PurifierWidget.swift */; };
		68C3DE29B22B446350ACB4EB /* NeuralCoreArtwork.swift in Sources */ = {isa = PBXBuildFile; fileRef = 197A46DD464AA704E3FB32E9 /* NeuralCoreArtwork.swift */; };
		6FCDC3A9DF9D130AC887781E /* NeuralCoreContinuousAnimation.swift in Sources */ = {isa = PBXBuildFile; fileRef = A5136B3B670CA19BFD429B9D /* NeuralCoreContinuousAnimation.swift */; };
		753E3AEBE1235D4E32BE5F2A /* JARVISWidgetTheme.swift in Sources */ = {isa = PBXBuildFile; fileRef = B3E32755A9AB7BFF1E2C07B9 /* JARVISWidgetTheme.swift */; };
		7FF1402EAA20A6F5449F1343 /* SwiftTerm in Frameworks */ = {isa = PBXBuildFile; productRef = 3F999A05470F31BD318BB18E /* SwiftTerm */; };
		838B2889933E6283DED2D163 /* Assets.xcassets in Resources */ = {isa = PBXBuildFile; fileRef = 266A9071FEC39AB8EC4067A2 /* Assets.xcassets */; };
		8C6D2EF20D60D5C1F69E964C /* DeveloperSigningSettingsView.swift in Sources */ = {isa = PBXBuildFile; fileRef = C53C1087DDDA6246634A9DA3 /* DeveloperSigningSettingsView.swift */; };
		8E6BE9F9B34D9B7BC922C127 /* JARVISKit in Frameworks */ = {isa = PBXBuildFile; productRef = 301E6348CB2E3FD4E2A1BD9D /* JARVISKit */; };
		9133343133C13A0DA96CDEF2 /* JARVISApp.swift in Sources */ = {isa = PBXBuildFile; fileRef = 9A275952024515DF0771793A /* JARVISApp.swift */; };
		968430E16AEDD8FACCCA4A90 /* JARVISSiriShortcuts.swift in Sources */ = {isa = PBXBuildFile; fileRef = DB1B9D6B42D835D03F42F78A /* JARVISSiriShortcuts.swift */; };
		98E8AFEA1342697E3906487A /* LauncherWidget.swift in Sources */ = {isa = PBXBuildFile; fileRef = 6DF549C08E0899CD48EC8294 /* LauncherWidget.swift */; };
		9E9F58260B97E592FE005E0A /* AppStateTests.swift in Sources */ = {isa = PBXBuildFile; fileRef = 07D516ABB5391773DE0EFFF9 /* AppStateTests.swift */; };
		9F7750E53DFD346691617377 /* PiTerminalSettings.swift in Sources */ = {isa = PBXBuildFile; fileRef = C0CD22FC05E2E9D489FE3A76 /* PiTerminalSettings.swift */; };
		A3B29AD957474CD9FBB73D4F /* SelectedPlugWidget.swift in Sources */ = {isa = PBXBuildFile; fileRef = A25639C5046D8136A8AEBE3F /* SelectedPlugWidget.swift */; };
		A65E646E19987B41F50BE458 /* JARVISTerminalConfigurationStore.swift in Sources */ = {isa = PBXBuildFile; fileRef = 325AC9EE99D5B5BA85A84D73 /* JARVISTerminalConfigurationStore.swift */; };
		A6D11EDF6F1A5FA7EF55C9E4 /* JARVISKit in Frameworks */ = {isa = PBXBuildFile; productRef = CFF3B3FAF711B9F03333ABD8 /* JARVISKit */; };
		B357D02541C826207B390685 /* ProvisioningProfileStatus.swift in Sources */ = {isa = PBXBuildFile; fileRef = 6BD0615D3C7D457B6C7DDA44 /* ProvisioningProfileStatus.swift */; };
		BB211C6FB4A23BD0C80D09DD /* WatchDashboardContent.swift in Sources */ = {isa = PBXBuildFile; fileRef = 771620AD2CA9D898AE768103 /* WatchDashboardContent.swift */; };
		BFF69B5C4311B005985B1812 /* Assets.xcassets in Resources */ = {isa = PBXBuildFile; fileRef = 65BFEC04E2CD0C7D691F114D /* Assets.xcassets */; };
		C0D68E750912988FBB245E4F /* JARVISSiriShortcuts.swift in Sources */ = {isa = PBXBuildFile; fileRef = DB1B9D6B42D835D03F42F78A /* JARVISSiriShortcuts.swift */; };
		C7E9D77697E658A1BB7F6391 /* NeuralCoreWidget.swift in Sources */ = {isa = PBXBuildFile; fileRef = 8C187EFE35D060320CD74856 /* NeuralCoreWidget.swift */; };
		C8411015C4C2C95FD234C9AE /* JARVISWatchWidget.appex in Embed Foundation Extensions */ = {isa = PBXBuildFile; fileRef = 6DEE41C1A5E0238C3F10B643 /* JARVISWatchWidget.appex */; settings = {ATTRIBUTES = (RemoveHeadersOnCopy, ); }; };
		CCDF0C295CFB30AAA3C0EC0B /* JARVISWatch.app in Embed Watch Content */ = {isa = PBXBuildFile; fileRef = 96FAF133194F2E675B54A1CD /* JARVISWatch.app */; platformFilter = ios; settings = {ATTRIBUTES = (RemoveHeadersOnCopy, ); }; };
		D250A7189D6C70AD54591AFE /* SettingsView.swift in Sources */ = {isa = PBXBuildFile; fileRef = 888D11D79E21EC5437B45339 /* SettingsView.swift */; };
		D8ABD891AB536358B3617BD4 /* Components.swift in Sources */ = {isa = PBXBuildFile; fileRef = FD52E36404CFBA273498ACD2 /* Components.swift */; };
		DB09BAE64C26CA3AC16EE413 /* FillRect-Regular.otf in Resources */ = {isa = PBXBuildFile; fileRef = 8AC50929D8C075ED60E109B1 /* FillRect-Regular.otf */; };
		DBCECDA10C8DE309C8833B44 /* JARVISWidgetTheme.swift in Sources */ = {isa = PBXBuildFile; fileRef = B3E32755A9AB7BFF1E2C07B9 /* JARVISWidgetTheme.swift */; };
		DCED4FBE43A39F4856E82EA2 /* SelectedPlugWidget.swift in Sources */ = {isa = PBXBuildFile; fileRef = C8EE4AA968540A49D2DD562B /* SelectedPlugWidget.swift */; };
		DD7391FF9563157D2965AEEE /* HomeView.swift in Sources */ = {isa = PBXBuildFile; fileRef = 6BD318AB3793295E0031F850 /* HomeView.swift */; };
		E51BAC21CD90FE23E49E721D /* PiSSHTransport.swift in Sources */ = {isa = PBXBuildFile; fileRef = 28C023257637E052A6CBCF4A /* PiSSHTransport.swift */; };
		E5AAA0DC13C49ACA8EA42A52 /* PurifierWidget.swift in Sources */ = {isa = PBXBuildFile; fileRef = 7C43A1847102863C0207DE14 /* PurifierWidget.swift */; };
		EE6EDA808F77C51AC4D53B6A /* AppState.swift in Sources */ = {isa = PBXBuildFile; fileRef = C2FE2FCABFFCEEADC0022C58 /* AppState.swift */; };
		EEE4CC5EB02DFF6C33B54B6D /* AppStateWatchBridge.swift in Sources */ = {isa = PBXBuildFile; fileRef = 3B3A49AB08F03AB80167B37B /* AppStateWatchBridge.swift */; };
		EEF5AF3EBBE8F552CDBE8AD7 /* NIOPosix in Frameworks */ = {isa = PBXBuildFile; productRef = BA99DC927D3AD3324FD8A12D /* NIOPosix */; };
		EF1CB94BDED2CA7AA9FAECD9 /* JARVISSiriPromptIntent.swift in Sources */ = {isa = PBXBuildFile; fileRef = 64AD2C56B02C620DFD3C0790 /* JARVISSiriPromptIntent.swift */; };
		FCF833080CAEA662AA8530EB /* JARVISWatchWidgetBundle.swift in Sources */ = {isa = PBXBuildFile; fileRef = 29F1D18AEDF9F3DB0F8B9947 /* JARVISWatchWidgetBundle.swift */; };
		FD95A85E202BD3525C7A4A4E /* JARVISWidgetBundle.swift in Sources */ = {isa = PBXBuildFile; fileRef = 1548C41F74BB5F0E3EF25885 /* JARVISWidgetBundle.swift */; };
		FE8D5C18EDBC05C290A999F4 /* JARVISSiriPromptIntent.swift in Sources */ = {isa = PBXBuildFile; fileRef = 64AD2C56B02C620DFD3C0790 /* JARVISSiriPromptIntent.swift */; };
		FFF7A45F6375FCF4A3B382ED /* WatchConnectView.swift in Sources */ = {isa = PBXBuildFile; fileRef = 4A2A9AA1169ECDB2E5008ACC /* WatchConnectView.swift */; };
/* End PBXBuildFile section */

/* Begin PBXContainerItemProxy section */
		026F3509D1454E78683A1041 /* PBXContainerItemProxy */ = {
			isa = PBXContainerItemProxy;
			containerPortal = ADD63BE4B2357052078A3C83 /* Project object */;
			proxyType = 1;
			remoteGlobalIDString = 4C363C3FA49D885C13E8EE7D;
			remoteInfo = JARVISWidget;
		};
		04227B150CEE52ECF8078191 /* PBXContainerItemProxy */ = {
			isa = PBXContainerItemProxy;
			containerPortal = ADD63BE4B2357052078A3C83 /* Project object */;
			proxyType = 1;
			remoteGlobalIDString = 0F6CA2CF9091CE89DFF72E1D;
			remoteInfo = JARVIS;
		};
		4CE589AC606CF57BBA1F790E /* PBXContainerItemProxy */ = {
			isa = PBXContainerItemProxy;
			containerPortal = ADD63BE4B2357052078A3C83 /* Project object */;
			proxyType = 1;
			remoteGlobalIDString = 774855B9BE9218B282D7CEDA;
			remoteInfo = JARVISWatch;
		};
		FF2A8587ECF8DB4ACEADE123 /* PBXContainerItemProxy */ = {
			isa = PBXContainerItemProxy;
			containerPortal = ADD63BE4B2357052078A3C83 /* Project object */;
			proxyType = 1;
			remoteGlobalIDString = 107AA85F2A91CBE591C6CC65;
			remoteInfo = JARVISWatchWidget;
		};
/* End PBXContainerItemProxy section */

/* Begin PBXCopyFilesBuildPhase section */
		457742D6B0B4EE773528CC03 /* Embed Foundation Extensions */ = {
			isa = PBXCopyFilesBuildPhase;
			buildActionMask = 2147483647;
			dstPath = "";
			dstSubfolderSpec = 13;
			files = (
				26D143A1482F252A0D5C3892 /* JARVISWidget.appex in Embed Foundation Extensions */,
			);
			name = "Embed Foundation Extensions";
			runOnlyForDeploymentPostprocessing = 0;
		};
		993EA984870A6D2A04C5091D /* Embed Watch Content */ = {
			isa = PBXCopyFilesBuildPhase;
			buildActionMask = 2147483647;
			dstPath = "$(CONTENTS_FOLDER_PATH)/Watch";
			dstSubfolderSpec = 16;
			files = (
				CCDF0C295CFB30AAA3C0EC0B /* JARVISWatch.app in Embed Watch Content */,
			);
			name = "Embed Watch Content";
			runOnlyForDeploymentPostprocessing = 0;
		};
		AC923BEF2789E35A6B397E99 /* Embed Foundation Extensions */ = {
			isa = PBXCopyFilesBuildPhase;
			buildActionMask = 2147483647;
			dstPath = "";
			dstSubfolderSpec = 13;
			files = (
				C8411015C4C2C95FD234C9AE /* JARVISWatchWidget.appex in Embed Foundation Extensions */,
			);
			name = "Embed Foundation Extensions";
			runOnlyForDeploymentPostprocessing = 0;
		};
/* End PBXCopyFilesBuildPhase section */

/* Begin PBXFileReference section */
		02220D93FADA230BF50A667D /* WatchTerminalView.swift */ = {isa = PBXFileReference; lastKnownFileType = sourcecode.swift; path = WatchTerminalView.swift; sourceTree = "<group>"; };
		07D516ABB5391773DE0EFFF9 /* AppStateTests.swift */ = {isa = PBXFileReference; lastKnownFileType = sourcecode.swift; path = AppStateTests.swift; sourceTree = "<group>"; };
		137E1FF7B884864E7A46CE7B /* PiTerminalSettingsView.swift */ = {isa = PBXFileReference; lastKnownFileType = sourcecode.swift; path = PiTerminalSettingsView.swift; sourceTree = "<group>"; };
		1548C41F74BB5F0E3EF25885 /* JARVISWidgetBundle.swift */ = {isa = PBXFileReference; lastKnownFileType = sourcecode.swift; path = JARVISWidgetBundle.swift; sourceTree = "<group>"; };
		197A46DD464AA704E3FB32E9 /* NeuralCoreArtwork.swift */ = {isa = PBXFileReference; lastKnownFileType = sourcecode.swift; path = NeuralCoreArtwork.swift; sourceTree = "<group>"; };
		1B144126B4647E06FE7EED06 /* JARVISWidget.appex */ = {isa = PBXFileReference; includeInIndex = 0; lastKnownFileType = "wrapper.app-extension"; path = JARVISWidget.appex; sourceTree = BUILT_PRODUCTS_DIR; };
		266A9071FEC39AB8EC4067A2 /* Assets.xcassets */ = {isa = PBXFileReference; lastKnownFileType = folder.assetcatalog; path = Assets.xcassets; sourceTree = "<group>"; };
		28C023257637E052A6CBCF4A /* PiSSHTransport.swift */ = {isa = PBXFileReference; lastKnownFileType = sourcecode.swift; path = PiSSHTransport.swift; sourceTree = "<group>"; };
		29F1D18AEDF9F3DB0F8B9947 /* JARVISWatchWidgetBundle.swift */ = {isa = PBXFileReference; lastKnownFileType = sourcecode.swift; path = JARVISWatchWidgetBundle.swift; sourceTree = "<group>"; };
		31627FF42650862FB0296B9C /* PiTerminalController.swift */ = {isa = PBXFileReference; lastKnownFileType = sourcecode.swift; path = PiTerminalController.swift; sourceTree = "<group>"; };
		325AC9EE99D5B5BA85A84D73 /* JARVISTerminalConfigurationStore.swift */ = {isa = PBXFileReference; lastKnownFileType = sourcecode.swift; path = JARVISTerminalConfigurationStore.swift; sourceTree = "<group>"; };
		366131BF98CEBD234A1B3EAC /* JARVISWatchApp.swift */ = {isa = PBXFileReference; lastKnownFileType = sourcecode.swift; path = JARVISWatchApp.swift; sourceTree = "<group>"; };
		3B3A49AB08F03AB80167B37B /* AppStateWatchBridge.swift */ = {isa = PBXFileReference; lastKnownFileType = sourcecode.swift; path = AppStateWatchBridge.swift; sourceTree = "<group>"; };
		40C659E6D5CAA095003D8887 /* WidgetSupport.swift */ = {isa = PBXFileReference; lastKnownFileType = sourcecode.swift; path = WidgetSupport.swift; sourceTree = "<group>"; };
		4A2A9AA1169ECDB2E5008ACC /* WatchConnectView.swift */ = {isa = PBXFileReference; lastKnownFileType = sourcecode.swift; path = WatchConnectView.swift; sourceTree = "<group>"; };
		535E6788F7CEA7378CB167A8 /* NeuralCoreWidget.swift */ = {isa = PBXFileReference; lastKnownFileType = sourcecode.swift; path = NeuralCoreWidget.swift; sourceTree = "<group>"; };
		64AD2C56B02C620DFD3C0790 /* JARVISSiriPromptIntent.swift */ = {isa = PBXFileReference; lastKnownFileType = sourcecode.swift; path = JARVISSiriPromptIntent.swift; sourceTree = "<group>"; };
		65BFEC04E2CD0C7D691F114D /* Assets.xcassets */ = {isa = PBXFileReference; lastKnownFileType = folder.assetcatalog; path = Assets.xcassets; sourceTree = "<group>"; };
		6BD0615D3C7D457B6C7DDA44 /* ProvisioningProfileStatus.swift */ = {isa = PBXFileReference; lastKnownFileType = sourcecode.swift; path = ProvisioningProfileStatus.swift; sourceTree = "<group>"; };
		6BD318AB3793295E0031F850 /* HomeView.swift */ = {isa = PBXFileReference; lastKnownFileType = sourcecode.swift; path = HomeView.swift; sourceTree = "<group>"; };
		6BF5A98DC51DC81EE26993D8 /* PlugGridWidget.swift */ = {isa = PBXFileReference; lastKnownFileType = sourcecode.swift; path = PlugGridWidget.swift; sourceTree = "<group>"; };
		6DEE41C1A5E0238C3F10B643 /* JARVISWatchWidget.appex */ = {isa = PBXFileReference; explicitFileType = "wrapper.app-extension"; includeInIndex = 0; path = JARVISWatchWidget.appex; sourceTree = BUILT_PRODUCTS_DIR; };
		6DF549C08E0899CD48EC8294 /* LauncherWidget.swift */ = {isa = PBXFileReference; lastKnownFileType = sourcecode.swift; path = LauncherWidget.swift; sourceTree = "<group>"; };
		6FFAD68F450FB6F9BE8C17A8 /* LauncherWidget.swift */ = {isa = PBXFileReference; lastKnownFileType = sourcecode.swift; path = LauncherWidget.swift; sourceTree = "<group>"; };
		771620AD2CA9D898AE768103 /* WatchDashboardContent.swift */ = {isa = PBXFileReference; lastKnownFileType = sourcecode.swift; path = WatchDashboardContent.swift; sourceTree = "<group>"; };
		7C43A1847102863C0207DE14 /* PurifierWidget.swift */ = {isa = PBXFileReference; lastKnownFileType = sourcecode.swift; path = PurifierWidget.swift; sourceTree = "<group>"; };
		888D11D79E21EC5437B45339 /* SettingsView.swift */ = {isa = PBXFileReference; lastKnownFileType = sourcecode.swift; path = SettingsView.swift; sourceTree = "<group>"; };
		8AC50929D8C075ED60E109B1 /* FillRect-Regular.otf */ = {isa = PBXFileReference; lastKnownFileType = file; path = "FillRect-Regular.otf"; sourceTree = "<group>"; };
		8C187EFE35D060320CD74856 /* NeuralCoreWidget.swift */ = {isa = PBXFileReference; lastKnownFileType = sourcecode.swift; path = NeuralCoreWidget.swift; sourceTree = "<group>"; };
		96FAF133194F2E675B54A1CD /* JARVISWatch.app */ = {isa = PBXFileReference; explicitFileType = wrapper.application; includeInIndex = 0; path = JARVISWatch.app; sourceTree = BUILT_PRODUCTS_DIR; };
		99FB663313210EC6BDA6EBB3 /* JARVISWidgetIntents.swift */ = {isa = PBXFileReference; lastKnownFileType = sourcecode.swift; path = JARVISWidgetIntents.swift; sourceTree = "<group>"; };
		9A275952024515DF0771793A /* JARVISApp.swift */ = {isa = PBXFileReference; lastKnownFileType = sourcecode.swift; path = JARVISApp.swift; sourceTree = "<group>"; };
		9C46E3BC685749515DD7CB04 /* SettingsComponents.swift */ = {isa = PBXFileReference; lastKnownFileType = sourcecode.swift; path = SettingsComponents.swift; sourceTree = "<group>"; };
		9CCF76B704DABA34258B7094 /* WatchTerminalSettingsView.swift */ = {isa = PBXFileReference; lastKnownFileType = sourcecode.swift; path = WatchTerminalSettingsView.swift; sourceTree = "<group>"; };
		9CDED70C520590C29476EBEF /* PiTerminalView.swift */ = {isa = PBXFileReference; lastKnownFileType = sourcecode.swift; path = PiTerminalView.swift; sourceTree = "<group>"; };
		A25639C5046D8136A8AEBE3F /* SelectedPlugWidget.swift */ = {isa = PBXFileReference; lastKnownFileType = sourcecode.swift; path = SelectedPlugWidget.swift; sourceTree = "<group>"; };
		A5136B3B670CA19BFD429B9D /* NeuralCoreContinuousAnimation.swift */ = {isa = PBXFileReference; lastKnownFileType = sourcecode.swift; path = NeuralCoreContinuousAnimation.swift; sourceTree = "<group>"; };
		B20440B35638B5FF94AF10A0 /* WatchTerminalProvisioningSettings.swift */ = {isa = PBXFileReference; lastKnownFileType = sourcecode.swift; path = WatchTerminalProvisioningSettings.swift; sourceTree = "<group>"; };
		B3E32755A9AB7BFF1E2C07B9 /* JARVISWidgetTheme.swift */ = {isa = PBXFileReference; lastKnownFileType = sourcecode.swift; path = JARVISWidgetTheme.swift; sourceTree = "<group>"; };
		B9214CFDAA410B86B33071C7 /* JARVISKit */ = {isa = PBXFileReference; lastKnownFileType = folder; name = JARVISKit; path = JARVISKit; sourceTree = SOURCE_ROOT; };
		B980A60932E185CB6D8AD60A /* PurifierWidget.swift */ = {isa = PBXFileReference; lastKnownFileType = sourcecode.swift; path = PurifierWidget.swift; sourceTree = "<group>"; };
		C05CEF9EA2E1CBE04169AAE3 /* ConnectionSettingsView.swift */ = {isa = PBXFileReference; lastKnownFileType = sourcecode.swift; path = ConnectionSettingsView.swift; sourceTree = "<group>"; };
		C0CD22FC05E2E9D489FE3A76 /* PiTerminalSettings.swift */ = {isa = PBXFileReference; lastKnownFileType = sourcecode.swift; path = PiTerminalSettings.swift; sourceTree = "<group>"; };
		C2FE2FCABFFCEEADC0022C58 /* AppState.swift */ = {isa = PBXFileReference; lastKnownFileType = sourcecode.swift; path = AppState.swift; sourceTree = "<group>"; };
		C53C1087DDDA6246634A9DA3 /* DeveloperSigningSettingsView.swift */ = {isa = PBXFileReference; lastKnownFileType = sourcecode.swift; path = DeveloperSigningSettingsView.swift; sourceTree = "<group>"; };
		C6B471182994AE2EC6CE2DEB /* WidgetSupport.swift */ = {isa = PBXFileReference; lastKnownFileType = sourcecode.swift; path = WidgetSupport.swift; sourceTree = "<group>"; };
		C8EE4AA968540A49D2DD562B /* SelectedPlugWidget.swift */ = {isa = PBXFileReference; lastKnownFileType = sourcecode.swift; path = SelectedPlugWidget.swift; sourceTree = "<group>"; };
		DB1B9D6B42D835D03F42F78A /* JARVISSiriShortcuts.swift */ = {isa = PBXFileReference; lastKnownFileType = sourcecode.swift; path = JARVISSiriShortcuts.swift; sourceTree = "<group>"; };
		DBE6CDFF2E6B3AEAFD720F34 /* JARVIS.app */ = {isa = PBXFileReference; includeInIndex = 0; lastKnownFileType = wrapper.application; path = JARVIS.app; sourceTree = BUILT_PRODUCTS_DIR; };
		E8809C45C2B5B50122DA0982 /* PlugGridWidget.swift */ = {isa = PBXFileReference; lastKnownFileType = sourcecode.swift; path = PlugGridWidget.swift; sourceTree = "<group>"; };
		ED67C789A071ACDEA4FD69FC /* Assets.xcassets */ = {isa = PBXFileReference; lastKnownFileType = folder.assetcatalog; path = Assets.xcassets; sourceTree = "<group>"; };
		F511B3C48F0433661629C5AB /* PrivacyInfo.xcprivacy */ = {isa = PBXFileReference; path = PrivacyInfo.xcprivacy; sourceTree = "<group>"; };
		F89A5FD5332EC5B9ED8DD165 /* JARVISTests.xctest */ = {isa = PBXFileReference; includeInIndex = 0; lastKnownFileType = wrapper.cfbundle; path = JARVISTests.xctest; sourceTree = BUILT_PRODUCTS_DIR; };
		FD52E36404CFBA273498ACD2 /* Components.swift */ = {isa = PBXFileReference; lastKnownFileType = sourcecode.swift; path = Components.swift; sourceTree = "<group>"; };
/* End PBXFileReference section */

/* Begin PBXFrameworksBuildPhase section */
		4FC084EF94555FA554F440E5 /* Frameworks */ = {
			isa = PBXFrameworksBuildPhase;
			buildActionMask = 2147483647;
			files = (
				A6D11EDF6F1A5FA7EF55C9E4 /* JARVISKit in Frameworks */,
			);
			runOnlyForDeploymentPostprocessing = 0;
		};
		5B1BB1A5A0EC4DEF758EC865 /* Frameworks */ = {
			isa = PBXFrameworksBuildPhase;
			buildActionMask = 2147483647;
			files = (
				1D5E7CC1DB8E703A3D114F61 /* JARVISKit in Frameworks */,
			);
			runOnlyForDeploymentPostprocessing = 0;
		};
		7D783D805E36121B5FED8894 /* Frameworks */ = {
			isa = PBXFrameworksBuildPhase;
			buildActionMask = 2147483647;
			files = (
				8E6BE9F9B34D9B7BC922C127 /* JARVISKit in Frameworks */,
			);
			runOnlyForDeploymentPostprocessing = 0;
		};
		CC3A4CAEF8895C10C904473A /* Frameworks */ = {
			isa = PBXFrameworksBuildPhase;
			buildActionMask = 2147483647;
			files = (
				36A69B470B414FB117BBFF90 /* JARVISKit in Frameworks */,
				7FF1402EAA20A6F5449F1343 /* SwiftTerm in Frameworks */,
				52D863AFDF79688CA2CF1042 /* NIOSSH in Frameworks */,
				4E6CBD9D3FD1B7C1FCA867DB /* NIOCore in Frameworks */,
				EEF5AF3EBBE8F552CDBE8AD7 /* NIOPosix in Frameworks */,
			);
			runOnlyForDeploymentPostprocessing = 0;
		};
/* End PBXFrameworksBuildPhase section */

/* Begin PBXGroup section */
		3BE3573CD74F776EBB22DCAC /* JARVISTests */ = {
			isa = PBXGroup;
			children = (
				07D516ABB5391773DE0EFFF9 /* AppStateTests.swift */,
			);
			path = JARVISTests;
			sourceTree = "<group>";
		};
		5AA24923BB9E920C7E904C3D /* HostAppIntents */ = {
			isa = PBXGroup;
			children = (
				64AD2C56B02C620DFD3C0790 /* JARVISSiriPromptIntent.swift */,
				DB1B9D6B42D835D03F42F78A /* JARVISSiriShortcuts.swift */,
				325AC9EE99D5B5BA85A84D73 /* JARVISTerminalConfigurationStore.swift */,
			);
			path = HostAppIntents;
			sourceTree = "<group>";
		};
		71E74B962E76C620DFBBF007 /* JARVISWidget */ = {
			isa = PBXGroup;
			children = (
				1548C41F74BB5F0E3EF25885 /* JARVISWidgetBundle.swift */,
				6FFAD68F450FB6F9BE8C17A8 /* LauncherWidget.swift */,
				535E6788F7CEA7378CB167A8 /* NeuralCoreWidget.swift */,
				E8809C45C2B5B50122DA0982 /* PlugGridWidget.swift */,
				7C43A1847102863C0207DE14 /* PurifierWidget.swift */,
				A25639C5046D8136A8AEBE3F /* SelectedPlugWidget.swift */,
				40C659E6D5CAA095003D8887 /* WidgetSupport.swift */,
			);
			path = JARVISWidget;
			sourceTree = "<group>";
		};
		7209E682F07CD0BE0269185E /* Views */ = {
			isa = PBXGroup;
			children = (
				FD52E36404CFBA273498ACD2 /* Components.swift */,
				C05CEF9EA2E1CBE04169AAE3 /* ConnectionSettingsView.swift */,
				C53C1087DDDA6246634A9DA3 /* DeveloperSigningSettingsView.swift */,
				6BD318AB3793295E0031F850 /* HomeView.swift */,
				137E1FF7B884864E7A46CE7B /* PiTerminalSettingsView.swift */,
				9C46E3BC685749515DD7CB04 /* SettingsComponents.swift */,
				888D11D79E21EC5437B45339 /* SettingsView.swift */,
				9CCF76B704DABA34258B7094 /* WatchTerminalSettingsView.swift */,
			);
			path = Views;
			sourceTree = "<group>";
		};
		75594F8B2D179BDC1BED9E1C /* Products */ = {
			isa = PBXGroup;
			children = (
				DBE6CDFF2E6B3AEAFD720F34 /* JARVIS.app */,
				F89A5FD5332EC5B9ED8DD165 /* JARVISTests.xctest */,
				96FAF133194F2E675B54A1CD /* JARVISWatch.app */,
				6DEE41C1A5E0238C3F10B643 /* JARVISWatchWidget.appex */,
				1B144126B4647E06FE7EED06 /* JARVISWidget.appex */,
			);
			name = Products;
			sourceTree = "<group>";
		};
		7BF0AD04522608A5DB2F3648 /* WidgetShared */ = {
			isa = PBXGroup;
			children = (
				8AC50929D8C075ED60E109B1 /* FillRect-Regular.otf */,
				B3E32755A9AB7BFF1E2C07B9 /* JARVISWidgetTheme.swift */,
				197A46DD464AA704E3FB32E9 /* NeuralCoreArtwork.swift */,
				A5136B3B670CA19BFD429B9D /* NeuralCoreContinuousAnimation.swift */,
			);
			path = WidgetShared;
			sourceTree = "<group>";
		};
		8498079229199EDB1A15E003 /* JARVISWatch */ = {
			isa = PBXGroup;
			children = (
				8697BF951A045B28361E506D /* Views */,
				266A9071FEC39AB8EC4067A2 /* Assets.xcassets */,
				366131BF98CEBD234A1B3EAC /* JARVISWatchApp.swift */,
			);
			path = JARVISWatch;
			sourceTree = "<group>";
		};
		8697BF951A045B28361E506D /* Views */ = {
			isa = PBXGroup;
			children = (
				4A2A9AA1169ECDB2E5008ACC /* WatchConnectView.swift */,
				771620AD2CA9D898AE768103 /* WatchDashboardContent.swift */,
				02220D93FADA230BF50A667D /* WatchTerminalView.swift */,
			);
			path = Views;
			sourceTree = "<group>";
		};
		98F8CE23498C0CF6D7ABF3D4 = {
			isa = PBXGroup;
			children = (
				5AA24923BB9E920C7E904C3D /* HostAppIntents */,
				EC4A9F495747DDC34193FD4D /* JARVIS */,
				3BE3573CD74F776EBB22DCAC /* JARVISTests */,
				8498079229199EDB1A15E003 /* JARVISWatch */,
				CA9DDEB621DC22FBA1E8D265 /* JARVISWatchWidget */,
				71E74B962E76C620DFBBF007 /* JARVISWidget */,
				C93B0EFD3493FD34C297A65D /* Packages */,
				EE4AFD78623AA48567C5037E /* SharedAppIntents */,
				7BF0AD04522608A5DB2F3648 /* WidgetShared */,
				75594F8B2D179BDC1BED9E1C /* Products */,
			);
			sourceTree = "<group>";
		};
		C93B0EFD3493FD34C297A65D /* Packages */ = {
			isa = PBXGroup;
			children = (
				B9214CFDAA410B86B33071C7 /* JARVISKit */,
			);
			name = Packages;
			sourceTree = "<group>";
		};
		CA9DDEB621DC22FBA1E8D265 /* JARVISWatchWidget */ = {
			isa = PBXGroup;
			children = (
				ED67C789A071ACDEA4FD69FC /* Assets.xcassets */,
				29F1D18AEDF9F3DB0F8B9947 /* JARVISWatchWidgetBundle.swift */,
				6DF549C08E0899CD48EC8294 /* LauncherWidget.swift */,
				8C187EFE35D060320CD74856 /* NeuralCoreWidget.swift */,
				6BF5A98DC51DC81EE26993D8 /* PlugGridWidget.swift */,
				B980A60932E185CB6D8AD60A /* PurifierWidget.swift */,
				C8EE4AA968540A49D2DD562B /* SelectedPlugWidget.swift */,
				C6B471182994AE2EC6CE2DEB /* WidgetSupport.swift */,
			);
			path = JARVISWatchWidget;
			sourceTree = "<group>";
		};
		DEEA4E510A29E90C0A36A3E6 /* Terminal */ = {
			isa = PBXGroup;
			children = (
				28C023257637E052A6CBCF4A /* PiSSHTransport.swift */,
				31627FF42650862FB0296B9C /* PiTerminalController.swift */,
				C0CD22FC05E2E9D489FE3A76 /* PiTerminalSettings.swift */,
				9CDED70C520590C29476EBEF /* PiTerminalView.swift */,
				B20440B35638B5FF94AF10A0 /* WatchTerminalProvisioningSettings.swift */,
			);
			path = Terminal;
			sourceTree = "<group>";
		};
		EC4A9F495747DDC34193FD4D /* JARVIS */ = {
			isa = PBXGroup;
			children = (
				DEEA4E510A29E90C0A36A3E6 /* Terminal */,
				7209E682F07CD0BE0269185E /* Views */,
				C2FE2FCABFFCEEADC0022C58 /* AppState.swift */,
				3B3A49AB08F03AB80167B37B /* AppStateWatchBridge.swift */,
				65BFEC04E2CD0C7D691F114D /* Assets.xcassets */,
				9A275952024515DF0771793A /* JARVISApp.swift */,
				F511B3C48F0433661629C5AB /* PrivacyInfo.xcprivacy */,
				6BD0615D3C7D457B6C7DDA44 /* ProvisioningProfileStatus.swift */,
			);
			path = JARVIS;
			sourceTree = "<group>";
		};
		EE4AFD78623AA48567C5037E /* SharedAppIntents */ = {
			isa = PBXGroup;
			children = (
				99FB663313210EC6BDA6EBB3 /* JARVISWidgetIntents.swift */,
			);
			path = SharedAppIntents;
			sourceTree = "<group>";
		};
/* End PBXGroup section */

/* Begin PBXNativeTarget section */
		0F6CA2CF9091CE89DFF72E1D /* JARVIS */ = {
			isa = PBXNativeTarget;
			buildConfigurationList = 4AEE4371E844050FDDCC7D67 /* Build configuration list for PBXNativeTarget "JARVIS" */;
			buildPhases = (
				97FAC4CCA15A870279432DCD /* Sources */,
				298D2A05C76FBDCF55F6259A /* Resources */,
				CC3A4CAEF8895C10C904473A /* Frameworks */,
				457742D6B0B4EE773528CC03 /* Embed Foundation Extensions */,
				993EA984870A6D2A04C5091D /* Embed Watch Content */,
			);
			buildRules = (
			);
			dependencies = (
				AEA4207616C7EF3001B7AA8C /* PBXTargetDependency */,
				4944E47713CAAB6DC61F4EAE /* PBXTargetDependency */,
			);
			name = JARVIS;
			packageProductDependencies = (
				3ABAE6AF34972138CF478F09 /* JARVISKit */,
				3F999A05470F31BD318BB18E /* SwiftTerm */,
				1F4C583917FA03DBF11F4A10 /* NIOSSH */,
				8448BBD15DA42029DD6D6212 /* NIOCore */,
				BA99DC927D3AD3324FD8A12D /* NIOPosix */,
			);
			productName = JARVIS;
			productReference = DBE6CDFF2E6B3AEAFD720F34 /* JARVIS.app */;
			productType = "com.apple.product-type.application";
		};
		107AA85F2A91CBE591C6CC65 /* JARVISWatchWidget */ = {
			isa = PBXNativeTarget;
			buildConfigurationList = 68B863497F7C0779DA044DF9 /* Build configuration list for PBXNativeTarget "JARVISWatchWidget" */;
			buildPhases = (
				8031C8DE628B6410651C6637 /* Sources */,
				E5D860531D3983362778A7D6 /* Resources */,
				7D783D805E36121B5FED8894 /* Frameworks */,
			);
			buildRules = (
			);
			dependencies = (
			);
			name = JARVISWatchWidget;
			packageProductDependencies = (
				301E6348CB2E3FD4E2A1BD9D /* JARVISKit */,
			);
			productName = JARVISWatchWidget;
			productReference = 6DEE41C1A5E0238C3F10B643 /* JARVISWatchWidget.appex */;
			productType = "com.apple.product-type.app-extension";
		};
		31D5CD0EB6B805B41C690E1C /* JARVISTests */ = {
			isa = PBXNativeTarget;
			buildConfigurationList = 5923FD4400A2F84204E922DD /* Build configuration list for PBXNativeTarget "JARVISTests" */;
			buildPhases = (
				C550BAB77C6C391CF1583D42 /* Sources */,
			);
			buildRules = (
			);
			dependencies = (
				C8865D160E9AF31BC2DE0DBB /* PBXTargetDependency */,
			);
			name = JARVISTests;
			packageProductDependencies = (
			);
			productName = JARVISTests;
			productReference = F89A5FD5332EC5B9ED8DD165 /* JARVISTests.xctest */;
			productType = "com.apple.product-type.bundle.unit-test";
		};
		4C363C3FA49D885C13E8EE7D /* JARVISWidget */ = {
			isa = PBXNativeTarget;
			buildConfigurationList = EB44C54DA21105CC1C73F323 /* Build configuration list for PBXNativeTarget "JARVISWidget" */;
			buildPhases = (
				2084D1D5084791B72C225A82 /* Sources */,
				3074D5A0C6E9DEA919B7B859 /* Resources */,
				5B1BB1A5A0EC4DEF758EC865 /* Frameworks */,
			);
			buildRules = (
			);
			dependencies = (
			);
			name = JARVISWidget;
			packageProductDependencies = (
				A8068A9EC5CBE6A47B603710 /* JARVISKit */,
			);
			productName = JARVISWidget;
			productReference = 1B144126B4647E06FE7EED06 /* JARVISWidget.appex */;
			productType = "com.apple.product-type.app-extension";
		};
		774855B9BE9218B282D7CEDA /* JARVISWatch */ = {
			isa = PBXNativeTarget;
			buildConfigurationList = 9C79E9B1B607953DFDC88947 /* Build configuration list for PBXNativeTarget "JARVISWatch" */;
			buildPhases = (
				DC9D093C918EAE21D8FBDD9F /* Sources */,
				0154F6154F3BABFA7076C623 /* Resources */,
				4FC084EF94555FA554F440E5 /* Frameworks */,
				AC923BEF2789E35A6B397E99 /* Embed Foundation Extensions */,
			);
			buildRules = (
			);
			dependencies = (
				6B51300A8DA8D71058A66EE5 /* PBXTargetDependency */,
			);
			name = JARVISWatch;
			packageProductDependencies = (
				CFF3B3FAF711B9F03333ABD8 /* JARVISKit */,
			);
			productName = JARVISWatch;
			productReference = 96FAF133194F2E675B54A1CD /* JARVISWatch.app */;
			productType = "com.apple.product-type.application";
		};
/* End PBXNativeTarget section */

/* Begin PBXProject section */
		ADD63BE4B2357052078A3C83 /* Project object */ = {
			isa = PBXProject;
			attributes = {
				BuildIndependentTargetsInParallel = YES;
				LastUpgradeCheck = 1430;
				TargetAttributes = {
					0F6CA2CF9091CE89DFF72E1D = {
						ProvisioningStyle = Automatic;
					};
					107AA85F2A91CBE591C6CC65 = {
						ProvisioningStyle = Automatic;
					};
					31D5CD0EB6B805B41C690E1C = {
						ProvisioningStyle = Automatic;
					};
					4C363C3FA49D885C13E8EE7D = {
						ProvisioningStyle = Automatic;
					};
					774855B9BE9218B282D7CEDA = {
						ProvisioningStyle = Automatic;
					};
				};
			};
			buildConfigurationList = E441122F760D220AA6AA3E06 /* Build configuration list for PBXProject "JARVIS" */;
			developmentRegion = en;
			hasScannedForEncodings = 0;
			knownRegions = (
				Base,
				en,
			);
			mainGroup = 98F8CE23498C0CF6D7ABF3D4;
			minimizedProjectReferenceProxies = 1;
			packageReferences = (
				84D19EAF290B5310716E2E87 /* XCRemoteSwiftPackageReference "SwiftTerm" */,
				C0A7965240D6F9EA9E44B9A7 /* XCRemoteSwiftPackageReference "swift-nio" */,
				DA7674BFB004D476D3A126EC /* XCRemoteSwiftPackageReference "swift-nio-ssh" */,
				F1515D44BE3DACC9017F5320 /* XCLocalSwiftPackageReference "JARVISKit" */,
			);
			preferredProjectObjectVersion = 77;
			productRefGroup = 75594F8B2D179BDC1BED9E1C /* Products */;
			projectDirPath = "";
			projectRoot = "";
			targets = (
				0F6CA2CF9091CE89DFF72E1D /* JARVIS */,
				4C363C3FA49D885C13E8EE7D /* JARVISWidget */,
				107AA85F2A91CBE591C6CC65 /* JARVISWatchWidget */,
				31D5CD0EB6B805B41C690E1C /* JARVISTests */,
				774855B9BE9218B282D7CEDA /* JARVISWatch */,
			);
		};
/* End PBXProject section */

/* Begin PBXResourcesBuildPhase section */
		0154F6154F3BABFA7076C623 /* Resources */ = {
			isa = PBXResourcesBuildPhase;
			buildActionMask = 2147483647;
			files = (
				838B2889933E6283DED2D163 /* Assets.xcassets in Resources */,
			);
			runOnlyForDeploymentPostprocessing = 0;
		};
		298D2A05C76FBDCF55F6259A /* Resources */ = {
			isa = PBXResourcesBuildPhase;
			buildActionMask = 2147483647;
			files = (
				BFF69B5C4311B005985B1812 /* Assets.xcassets in Resources */,
				513C03156788F045E10B6DC3 /* PrivacyInfo.xcprivacy in Resources */,
			);
			runOnlyForDeploymentPostprocessing = 0;
		};
		3074D5A0C6E9DEA919B7B859 /* Resources */ = {
			isa = PBXResourcesBuildPhase;
			buildActionMask = 2147483647;
			files = (
				42EC3171702509A4088C16D9 /* FillRect-Regular.otf in Resources */,
			);
			runOnlyForDeploymentPostprocessing = 0;
		};
		E5D860531D3983362778A7D6 /* Resources */ = {
			isa = PBXResourcesBuildPhase;
			buildActionMask = 2147483647;
			files = (
				2392D67F2D4A760498DF32EA /* Assets.xcassets in Resources */,
				DB09BAE64C26CA3AC16EE413 /* FillRect-Regular.otf in Resources */,
			);
			runOnlyForDeploymentPostprocessing = 0;
		};
/* End PBXResourcesBuildPhase section */

/* Begin PBXSourcesBuildPhase section */
		2084D1D5084791B72C225A82 /* Sources */ = {
			isa = PBXSourcesBuildPhase;
			buildActionMask = 2147483647;
			files = (
				FD95A85E202BD3525C7A4A4E /* JARVISWidgetBundle.swift in Sources */,
				5EC0D4F5DD8E98A6BD59C4D1 /* JARVISWidgetIntents.swift in Sources */,
				DBCECDA10C8DE309C8833B44 /* JARVISWidgetTheme.swift in Sources */,
				2C39CF58603D08048BA65D1A /* LauncherWidget.swift in Sources */,
				2DD281718165D457D750A2CC /* NeuralCoreArtwork.swift in Sources */,
				357F018439F498E3E4F7CE50 /* NeuralCoreContinuousAnimation.swift in Sources */,
				2DD3D8F93DACBDBEFC94B1E1 /* NeuralCoreWidget.swift in Sources */,
				4D6AD90453F695032754DD43 /* PlugGridWidget.swift in Sources */,
				E5AAA0DC13C49ACA8EA42A52 /* PurifierWidget.swift in Sources */,
				A3B29AD957474CD9FBB73D4F /* SelectedPlugWidget.swift in Sources */,
				0270B90D3D4F52F5A77FE14E /* WidgetSupport.swift in Sources */,
			);
			runOnlyForDeploymentPostprocessing = 0;
		};
		8031C8DE628B6410651C6637 /* Sources */ = {
			isa = PBXSourcesBuildPhase;
			buildActionMask = 2147483647;
			files = (
				FCF833080CAEA662AA8530EB /* JARVISWatchWidgetBundle.swift in Sources */,
				5346D2FDEE84631A3FD82800 /* JARVISWidgetIntents.swift in Sources */,
				753E3AEBE1235D4E32BE5F2A /* JARVISWidgetTheme.swift in Sources */,
				98E8AFEA1342697E3906487A /* LauncherWidget.swift in Sources */,
				68C3DE29B22B446350ACB4EB /* NeuralCoreArtwork.swift in Sources */,
				6FCDC3A9DF9D130AC887781E /* NeuralCoreContinuousAnimation.swift in Sources */,
				C7E9D77697E658A1BB7F6391 /* NeuralCoreWidget.swift in Sources */,
				502BA725716FA9E24A1C920F /* PlugGridWidget.swift in Sources */,
				5EE603D6F7625CB12B142116 /* PurifierWidget.swift in Sources */,
				DCED4FBE43A39F4856E82EA2 /* SelectedPlugWidget.swift in Sources */,
				21E9789B6D7FDCFD43AD0B35 /* WidgetSupport.swift in Sources */,
			);
			runOnlyForDeploymentPostprocessing = 0;
		};
		97FAC4CCA15A870279432DCD /* Sources */ = {
			isa = PBXSourcesBuildPhase;
			buildActionMask = 2147483647;
			files = (
				EE6EDA808F77C51AC4D53B6A /* AppState.swift in Sources */,
				EEE4CC5EB02DFF6C33B54B6D /* AppStateWatchBridge.swift in Sources */,
				D8ABD891AB536358B3617BD4 /* Components.swift in Sources */,
				401A7D4BAE710D8F8E5F0013 /* ConnectionSettingsView.swift in Sources */,
				8C6D2EF20D60D5C1F69E964C /* DeveloperSigningSettingsView.swift in Sources */,
				DD7391FF9563157D2965AEEE /* HomeView.swift in Sources */,
				9133343133C13A0DA96CDEF2 /* JARVISApp.swift in Sources */,
				EF1CB94BDED2CA7AA9FAECD9 /* JARVISSiriPromptIntent.swift in Sources */,
				C0D68E750912988FBB245E4F /* JARVISSiriShortcuts.swift in Sources */,
				A65E646E19987B41F50BE458 /* JARVISTerminalConfigurationStore.swift in Sources */,
				E51BAC21CD90FE23E49E721D /* PiSSHTransport.swift in Sources */,
				4531362D9F95607130CA5155 /* PiTerminalController.swift in Sources */,
				9F7750E53DFD346691617377 /* PiTerminalSettings.swift in Sources */,
				320AA268217C4ADD510AE5B5 /* PiTerminalSettingsView.swift in Sources */,
				0238BFAC7D9D67865051829A /* PiTerminalView.swift in Sources */,
				B357D02541C826207B390685 /* ProvisioningProfileStatus.swift in Sources */,
				1DC8B19B903AE4B1F55DDA99 /* SettingsComponents.swift in Sources */,
				D250A7189D6C70AD54591AFE /* SettingsView.swift in Sources */,
				00A8A57CB85F3DEEC79B83AF /* WatchTerminalProvisioningSettings.swift in Sources */,
				576BB6C417A8A28E379D2A45 /* WatchTerminalSettingsView.swift in Sources */,
			);
			runOnlyForDeploymentPostprocessing = 0;
		};
		C550BAB77C6C391CF1583D42 /* Sources */ = {
			isa = PBXSourcesBuildPhase;
			buildActionMask = 2147483647;
			files = (
				9E9F58260B97E592FE005E0A /* AppStateTests.swift in Sources */,
			);
			runOnlyForDeploymentPostprocessing = 0;
		};
		DC9D093C918EAE21D8FBDD9F /* Sources */ = {
			isa = PBXSourcesBuildPhase;
			buildActionMask = 2147483647;
			files = (
				FE8D5C18EDBC05C290A999F4 /* JARVISSiriPromptIntent.swift in Sources */,
				968430E16AEDD8FACCCA4A90 /* JARVISSiriShortcuts.swift in Sources */,
				0A666BCB6A0896655C0ACE28 /* JARVISTerminalConfigurationStore.swift in Sources */,
				5031EA9725F243EAEA791808 /* JARVISWatchApp.swift in Sources */,
				FFF7A45F6375FCF4A3B382ED /* WatchConnectView.swift in Sources */,
				BB211C6FB4A23BD0C80D09DD /* WatchDashboardContent.swift in Sources */,
				47D15BD4F3FC45BED8969D74 /* WatchTerminalView.swift in Sources */,
			);
			runOnlyForDeploymentPostprocessing = 0;
		};
/* End PBXSourcesBuildPhase section */

/* Begin PBXTargetDependency section */
		4944E47713CAAB6DC61F4EAE /* PBXTargetDependency */ = {
			isa = PBXTargetDependency;
			target = 4C363C3FA49D885C13E8EE7D /* JARVISWidget */;
			targetProxy = 026F3509D1454E78683A1041 /* PBXContainerItemProxy */;
		};
		6B51300A8DA8D71058A66EE5 /* PBXTargetDependency */ = {
			isa = PBXTargetDependency;
			target = 107AA85F2A91CBE591C6CC65 /* JARVISWatchWidget */;
			targetProxy = FF2A8587ECF8DB4ACEADE123 /* PBXContainerItemProxy */;
		};
		AEA4207616C7EF3001B7AA8C /* PBXTargetDependency */ = {
			isa = PBXTargetDependency;
			platformFilter = ios;
			target = 774855B9BE9218B282D7CEDA /* JARVISWatch */;
			targetProxy = 4CE589AC606CF57BBA1F790E /* PBXContainerItemProxy */;
		};
		C8865D160E9AF31BC2DE0DBB /* PBXTargetDependency */ = {
			isa = PBXTargetDependency;
			target = 0F6CA2CF9091CE89DFF72E1D /* JARVIS */;
			targetProxy = 04227B150CEE52ECF8078191 /* PBXContainerItemProxy */;
		};
/* End PBXTargetDependency section */

/* Begin XCBuildConfiguration section */
		05125CAC6CC14CB3DF8E39BA /* Debug */ = {
			isa = XCBuildConfiguration;
			buildSettings = {
				APPLICATION_EXTENSION_API_ONLY = YES;
				GENERATE_INFOPLIST_FILE = NO;
				INFOPLIST_FILE = JARVISWidget/Info.plist;
				LD_RUNPATH_SEARCH_PATHS = (
					"$(inherited)",
					"@executable_path/Frameworks",
					"@executable_path/../../Frameworks",
				);
				PRODUCT_BUNDLE_IDENTIFIER = "com.operation-jarvis.jarvis.widget";
				SDKROOT = iphoneos;
				TARGETED_DEVICE_FAMILY = 1;
			};
			name = Debug;
		};
		0DB371BF75A7AB814B0120D8 /* Release */ = {
			isa = XCBuildConfiguration;
			buildSettings = {
				BUNDLE_LOADER = "$(TEST_HOST)";
				GENERATE_INFOPLIST_FILE = YES;
				LD_RUNPATH_SEARCH_PATHS = (
					"$(inherited)",
					"@executable_path/Frameworks",
					"@loader_path/Frameworks",
				);
				PRODUCT_BUNDLE_IDENTIFIER = "com.operation-jarvis.jarvis.tests";
				SDKROOT = iphoneos;
				TARGETED_DEVICE_FAMILY = "1,2";
				TEST_HOST = "$(BUILT_PRODUCTS_DIR)/JARVIS.app/JARVIS";
			};
			name = Release;
		};
		3AEE43BB83CCBC2DB04D886D /* Release */ = {
			isa = XCBuildConfiguration;
			buildSettings = {
				APPLICATION_EXTENSION_API_ONLY = YES;
				GENERATE_INFOPLIST_FILE = NO;
				INFOPLIST_FILE = JARVISWidget/Info.plist;
				LD_RUNPATH_SEARCH_PATHS = (
					"$(inherited)",
					"@executable_path/Frameworks",
					"@executable_path/../../Frameworks",
				);
				PRODUCT_BUNDLE_IDENTIFIER = "com.operation-jarvis.jarvis.widget";
				SDKROOT = iphoneos;
				TARGETED_DEVICE_FAMILY = 1;
			};
			name = Release;
		};
		3D57D7B4E834C2656BF5EBDD /* Debug */ = {
			isa = XCBuildConfiguration;
			buildSettings = {
				APPLICATION_EXTENSION_API_ONLY = YES;
				GENERATE_INFOPLIST_FILE = NO;
				INFOPLIST_FILE = JARVISWatchWidget/Info.plist;
				LD_RUNPATH_SEARCH_PATHS = (
					"$(inherited)",
					"@executable_path/Frameworks",
					"@executable_path/../../Frameworks",
				);
				PRODUCT_BUNDLE_IDENTIFIER = "com.operation-jarvis.jarvis.watchkitapp.widget";
				SDKROOT = watchos;
				SKIP_INSTALL = YES;
				TARGETED_DEVICE_FAMILY = 4;
			};
			name = Debug;
		};
		67E018A730B80A4244ECA40B /* Release */ = {
			isa = XCBuildConfiguration;
			buildSettings = {
				ALWAYS_EMBED_SWIFT_STANDARD_LIBRARIES = YES;
				ASSETCATALOG_COMPILER_APPICON_NAME = WatchAppIcon;
				GENERATE_INFOPLIST_FILE = NO;
				GENERATE_PKGINFO_FILE = YES;
				INFOPLIST_FILE = JARVISWatch/Info.plist;
				PRODUCT_BUNDLE_IDENTIFIER = "com.operation-jarvis.jarvis.watchkitapp";
				PRODUCT_NAME = JARVISWatch;
				SDKROOT = watchos;
				SKIP_INSTALL = YES;
				TARGETED_DEVICE_FAMILY = 4;
				WATCHOS_DEPLOYMENT_TARGET = 10.0;
				WRAPPER_EXTENSION = app;
			};
			name = Release;
		};
		6C6C6DBE34ABE409C1C9C0EF /* Debug */ = {
			isa = XCBuildConfiguration;
			buildSettings = {
				BUNDLE_LOADER = "$(TEST_HOST)";
				GENERATE_INFOPLIST_FILE = YES;
				LD_RUNPATH_SEARCH_PATHS = (
					"$(inherited)",
					"@executable_path/Frameworks",
					"@loader_path/Frameworks",
				);
				PRODUCT_BUNDLE_IDENTIFIER = "com.operation-jarvis.jarvis.tests";
				SDKROOT = iphoneos;
				TARGETED_DEVICE_FAMILY = "1,2";
				TEST_HOST = "$(BUILT_PRODUCTS_DIR)/JARVIS.app/JARVIS";
			};
			name = Debug;
		};
		789C7D2D89E9496D7F4047BA /* Debug */ = {
			isa = XCBuildConfiguration;
			buildSettings = {
				ALWAYS_SEARCH_USER_PATHS = NO;
				CLANG_ANALYZER_NONNULL = YES;
				CLANG_ANALYZER_NUMBER_OBJECT_CONVERSION = YES_AGGRESSIVE;
				CLANG_CXX_LANGUAGE_STANDARD = "gnu++14";
				CLANG_CXX_LIBRARY = "libc++";
				CLANG_ENABLE_MODULES = YES;
				CLANG_ENABLE_OBJC_ARC = YES;
				CLANG_ENABLE_OBJC_WEAK = YES;
				CLANG_WARN_BLOCK_CAPTURE_AUTORELEASING = YES;
				CLANG_WARN_BOOL_CONVERSION = YES;
				CLANG_WARN_COMMA = YES;
				CLANG_WARN_CONSTANT_CONVERSION = YES;
				CLANG_WARN_DEPRECATED_OBJC_IMPLEMENTATIONS = YES;
				CLANG_WARN_DIRECT_OBJC_ISA_USAGE = YES_ERROR;
				CLANG_WARN_DOCUMENTATION_COMMENTS = YES;
				CLANG_WARN_EMPTY_BODY = YES;
				CLANG_WARN_ENUM_CONVERSION = YES;
				CLANG_WARN_INFINITE_RECURSION = YES;
				CLANG_WARN_INT_CONVERSION = YES;
				CLANG_WARN_NON_LITERAL_NULL_CONVERSION = YES;
				CLANG_WARN_OBJC_IMPLICIT_RETAIN_SELF = YES;
				CLANG_WARN_OBJC_LITERAL_CONVERSION = YES;
				CLANG_WARN_OBJC_ROOT_CLASS = YES_ERROR;
				CLANG_WARN_QUOTED_INCLUDE_IN_FRAMEWORK_HEADER = YES;
				CLANG_WARN_RANGE_LOOP_ANALYSIS = YES;
				CLANG_WARN_STRICT_PROTOTYPES = YES;
				CLANG_WARN_SUSPICIOUS_MOVE = YES;
				CLANG_WARN_UNGUARDED_AVAILABILITY = YES_AGGRESSIVE;
				CLANG_WARN_UNREACHABLE_CODE = YES;
				CLANG_WARN__DUPLICATE_METHOD_MATCH = YES;
				CODE_SIGN_STYLE = Automatic;
				COPY_PHASE_STRIP = NO;
				CURRENT_PROJECT_VERSION = 114;
				DEBUG_INFORMATION_FORMAT = dwarf;
				ENABLE_STRICT_OBJC_MSGSEND = YES;
				ENABLE_TESTABILITY = YES;
				GCC_C_LANGUAGE_STANDARD = gnu11;
				GCC_DYNAMIC_NO_PIC = NO;
				GCC_NO_COMMON_BLOCKS = YES;
				GCC_OPTIMIZATION_LEVEL = 0;
				GCC_PREPROCESSOR_DEFINITIONS = (
					"$(inherited)",
					"DEBUG=1",
				);
				GCC_WARN_64_TO_32_BIT_CONVERSION = YES;
				GCC_WARN_ABOUT_RETURN_TYPE = YES_ERROR;
				GCC_WARN_UNDECLARED_SELECTOR = YES;
				GCC_WARN_UNINITIALIZED_AUTOS = YES_AGGRESSIVE;
				GCC_WARN_UNUSED_FUNCTION = YES;
				GCC_WARN_UNUSED_VARIABLE = YES;
				IPHONEOS_DEPLOYMENT_TARGET = 17.0;
				MARKETING_VERSION = 0.3.0;
				MTL_ENABLE_DEBUG_INFO = INCLUDE_SOURCE;
				MTL_FAST_MATH = YES;
				ONLY_ACTIVE_ARCH = YES;
				PRODUCT_NAME = "$(TARGET_NAME)";
				SWIFT_ACTIVE_COMPILATION_CONDITIONS = DEBUG;
				SWIFT_OPTIMIZATION_LEVEL = "-Onone";
				SWIFT_VERSION = 5.0;
				WATCHOS_DEPLOYMENT_TARGET = 10.0;
			};
			name = Debug;
		};
		AAA54AA0DFCBFDC0665C2F86 /* Debug */ = {
			isa = XCBuildConfiguration;
			buildSettings = {
				ALWAYS_EMBED_SWIFT_STANDARD_LIBRARIES = YES;
				ASSETCATALOG_COMPILER_APPICON_NAME = WatchAppIcon;
				GENERATE_INFOPLIST_FILE = NO;
				GENERATE_PKGINFO_FILE = YES;
				INFOPLIST_FILE = JARVISWatch/Info.plist;
				PRODUCT_BUNDLE_IDENTIFIER = "com.operation-jarvis.jarvis.watchkitapp";
				PRODUCT_NAME = JARVISWatch;
				SDKROOT = watchos;
				SKIP_INSTALL = YES;
				TARGETED_DEVICE_FAMILY = 4;
				WATCHOS_DEPLOYMENT_TARGET = 10.0;
				WRAPPER_EXTENSION = app;
			};
			name = Debug;
		};
		AFEF043A2D3BCC64F0188D02 /* Debug */ = {
			isa = XCBuildConfiguration;
			buildSettings = {
				ASSETCATALOG_COMPILER_APPICON_NAME = AppIcon;
				CODE_SIGN_IDENTITY = "iPhone Developer";
				GENERATE_INFOPLIST_FILE = NO;
				INFOPLIST_FILE = JARVIS/Info.plist;
				LD_RUNPATH_SEARCH_PATHS = (
					"$(inherited)",
					"@executable_path/Frameworks",
				);
				PRODUCT_BUNDLE_IDENTIFIER = "com.operation-jarvis.jarvis";
				SDKROOT = iphoneos;
				SUPPORTS_MACCATALYST = NO;
				TARGETED_DEVICE_FAMILY = 1;
			};
			name = Debug;
		};
		B7154B6483D311E0941D0D6D /* Release */ = {
			isa = XCBuildConfiguration;
			buildSettings = {
				ALWAYS_SEARCH_USER_PATHS = NO;
				CLANG_ANALYZER_NONNULL = YES;
				CLANG_ANALYZER_NUMBER_OBJECT_CONVERSION = YES_AGGRESSIVE;
				CLANG_CXX_LANGUAGE_STANDARD = "gnu++14";
				CLANG_CXX_LIBRARY = "libc++";
				CLANG_ENABLE_MODULES = YES;
				CLANG_ENABLE_OBJC_ARC = YES;
				CLANG_ENABLE_OBJC_WEAK = YES;
				CLANG_WARN_BLOCK_CAPTURE_AUTORELEASING = YES;
				CLANG_WARN_BOOL_CONVERSION = YES;
				CLANG_WARN_COMMA = YES;
				CLANG_WARN_CONSTANT_CONVERSION = YES;
				CLANG_WARN_DEPRECATED_OBJC_IMPLEMENTATIONS = YES;
				CLANG_WARN_DIRECT_OBJC_ISA_USAGE = YES_ERROR;
				CLANG_WARN_DOCUMENTATION_COMMENTS = YES;
				CLANG_WARN_EMPTY_BODY = YES;
				CLANG_WARN_ENUM_CONVERSION = YES;
				CLANG_WARN_INFINITE_RECURSION = YES;
				CLANG_WARN_INT_CONVERSION = YES;
				CLANG_WARN_NON_LITERAL_NULL_CONVERSION = YES;
				CLANG_WARN_OBJC_IMPLICIT_RETAIN_SELF = YES;
				CLANG_WARN_OBJC_LITERAL_CONVERSION = YES;
				CLANG_WARN_OBJC_ROOT_CLASS = YES_ERROR;
				CLANG_WARN_QUOTED_INCLUDE_IN_FRAMEWORK_HEADER = YES;
				CLANG_WARN_RANGE_LOOP_ANALYSIS = YES;
				CLANG_WARN_STRICT_PROTOTYPES = YES;
				CLANG_WARN_SUSPICIOUS_MOVE = YES;
				CLANG_WARN_UNGUARDED_AVAILABILITY = YES_AGGRESSIVE;
				CLANG_WARN_UNREACHABLE_CODE = YES;
				CLANG_WARN__DUPLICATE_METHOD_MATCH = YES;
				CODE_SIGN_STYLE = Automatic;
				COPY_PHASE_STRIP = NO;
				CURRENT_PROJECT_VERSION = 114;
				DEBUG_INFORMATION_FORMAT = "dwarf-with-dsym";
				ENABLE_NS_ASSERTIONS = NO;
				ENABLE_STRICT_OBJC_MSGSEND = YES;
				GCC_C_LANGUAGE_STANDARD = gnu11;
				GCC_NO_COMMON_BLOCKS = YES;
				GCC_WARN_64_TO_32_BIT_CONVERSION = YES;
				GCC_WARN_ABOUT_RETURN_TYPE = YES_ERROR;
				GCC_WARN_UNDECLARED_SELECTOR = YES;
				GCC_WARN_UNINITIALIZED_AUTOS = YES_AGGRESSIVE;
				GCC_WARN_UNUSED_FUNCTION = YES;
				GCC_WARN_UNUSED_VARIABLE = YES;
				IPHONEOS_DEPLOYMENT_TARGET = 17.0;
				MARKETING_VERSION = 0.3.0;
				MTL_ENABLE_DEBUG_INFO = NO;
				MTL_FAST_MATH = YES;
				PRODUCT_NAME = "$(TARGET_NAME)";
				SWIFT_COMPILATION_MODE = wholemodule;
				SWIFT_OPTIMIZATION_LEVEL = "-O";
				SWIFT_VERSION = 5.0;
				WATCHOS_DEPLOYMENT_TARGET = 10.0;
			};
			name = Release;
		};
		D444A73AFAB87D349E01858F /* Release */ = {
			isa = XCBuildConfiguration;
			buildSettings = {
				ASSETCATALOG_COMPILER_APPICON_NAME = AppIcon;
				CODE_SIGN_IDENTITY = "iPhone Developer";
				GENERATE_INFOPLIST_FILE = NO;
				INFOPLIST_FILE = JARVIS/Info.plist;
				LD_RUNPATH_SEARCH_PATHS = (
					"$(inherited)",
					"@executable_path/Frameworks",
				);
				PRODUCT_BUNDLE_IDENTIFIER = "com.operation-jarvis.jarvis";
				SDKROOT = iphoneos;
				SUPPORTS_MACCATALYST = NO;
				TARGETED_DEVICE_FAMILY = 1;
			};
			name = Release;
		};
		EEFB3D5F8BF55BE030874E9E /* Release */ = {
			isa = XCBuildConfiguration;
			buildSettings = {
				APPLICATION_EXTENSION_API_ONLY = YES;
				GENERATE_INFOPLIST_FILE = NO;
				INFOPLIST_FILE = JARVISWatchWidget/Info.plist;
				LD_RUNPATH_SEARCH_PATHS = (
					"$(inherited)",
					"@executable_path/Frameworks",
					"@executable_path/../../Frameworks",
				);
				PRODUCT_BUNDLE_IDENTIFIER = "com.operation-jarvis.jarvis.watchkitapp.widget";
				SDKROOT = watchos;
				SKIP_INSTALL = YES;
				TARGETED_DEVICE_FAMILY = 4;
			};
			name = Release;
		};
/* End XCBuildConfiguration section */

/* Begin XCConfigurationList section */
		4AEE4371E844050FDDCC7D67 /* Build configuration list for PBXNativeTarget "JARVIS" */ = {
			isa = XCConfigurationList;
			buildConfigurations = (
				AFEF043A2D3BCC64F0188D02 /* Debug */,
				D444A73AFAB87D349E01858F /* Release */,
			);
			defaultConfigurationIsVisible = 0;
			defaultConfigurationName = Debug;
		};
		5923FD4400A2F84204E922DD /* Build configuration list for PBXNativeTarget "JARVISTests" */ = {
			isa = XCConfigurationList;
			buildConfigurations = (
				6C6C6DBE34ABE409C1C9C0EF /* Debug */,
				0DB371BF75A7AB814B0120D8 /* Release */,
			);
			defaultConfigurationIsVisible = 0;
			defaultConfigurationName = Debug;
		};
		68B863497F7C0779DA044DF9 /* Build configuration list for PBXNativeTarget "JARVISWatchWidget" */ = {
			isa = XCConfigurationList;
			buildConfigurations = (
				3D57D7B4E834C2656BF5EBDD /* Debug */,
				EEFB3D5F8BF55BE030874E9E /* Release */,
			);
			defaultConfigurationIsVisible = 0;
			defaultConfigurationName = Debug;
		};
		9C79E9B1B607953DFDC88947 /* Build configuration list for PBXNativeTarget "JARVISWatch" */ = {
			isa = XCConfigurationList;
			buildConfigurations = (
				AAA54AA0DFCBFDC0665C2F86 /* Debug */,
				67E018A730B80A4244ECA40B /* Release */,
			);
			defaultConfigurationIsVisible = 0;
			defaultConfigurationName = Debug;
		};
		E441122F760D220AA6AA3E06 /* Build configuration list for PBXProject "JARVIS" */ = {
			isa = XCConfigurationList;
			buildConfigurations = (
				789C7D2D89E9496D7F4047BA /* Debug */,
				B7154B6483D311E0941D0D6D /* Release */,
			);
			defaultConfigurationIsVisible = 0;
			defaultConfigurationName = Debug;
		};
		EB44C54DA21105CC1C73F323 /* Build configuration list for PBXNativeTarget "JARVISWidget" */ = {
			isa = XCConfigurationList;
			buildConfigurations = (
				05125CAC6CC14CB3DF8E39BA /* Debug */,
				3AEE43BB83CCBC2DB04D886D /* Release */,
			);
			defaultConfigurationIsVisible = 0;
			defaultConfigurationName = Debug;
		};
/* End XCConfigurationList section */

/* Begin XCLocalSwiftPackageReference section */
		F1515D44BE3DACC9017F5320 /* XCLocalSwiftPackageReference "JARVISKit" */ = {
			isa = XCLocalSwiftPackageReference;
			relativePath = JARVISKit;
		};
/* End XCLocalSwiftPackageReference section */

/* Begin XCRemoteSwiftPackageReference section */
		84D19EAF290B5310716E2E87 /* XCRemoteSwiftPackageReference "SwiftTerm" */ = {
			isa = XCRemoteSwiftPackageReference;
			repositoryURL = "https://github.com/migueldeicaza/SwiftTerm.git";
			requirement = {
				kind = exactVersion;
				version = 1.20.0;
			};
		};
		C0A7965240D6F9EA9E44B9A7 /* XCRemoteSwiftPackageReference "swift-nio" */ = {
			isa = XCRemoteSwiftPackageReference;
			repositoryURL = "https://github.com/apple/swift-nio.git";
			requirement = {
				kind = exactVersion;
				version = 2.101.3;
			};
		};
		DA7674BFB004D476D3A126EC /* XCRemoteSwiftPackageReference "swift-nio-ssh" */ = {
			isa = XCRemoteSwiftPackageReference;
			repositoryURL = "https://github.com/apple/swift-nio-ssh.git";
			requirement = {
				kind = exactVersion;
				version = 0.15.0;
			};
		};
/* End XCRemoteSwiftPackageReference section */

/* Begin XCSwiftPackageProductDependency section */
		1F4C583917FA03DBF11F4A10 /* NIOSSH */ = {
			isa = XCSwiftPackageProductDependency;
			package = DA7674BFB004D476D3A126EC /* XCRemoteSwiftPackageReference "swift-nio-ssh" */;
			productName = NIOSSH;
		};
		301E6348CB2E3FD4E2A1BD9D /* JARVISKit */ = {
			isa = XCSwiftPackageProductDependency;
			productName = JARVISKit;
		};
		3ABAE6AF34972138CF478F09 /* JARVISKit */ = {
			isa = XCSwiftPackageProductDependency;
			productName = JARVISKit;
		};
		3F999A05470F31BD318BB18E /* SwiftTerm */ = {
			isa = XCSwiftPackageProductDependency;
			package = 84D19EAF290B5310716E2E87 /* XCRemoteSwiftPackageReference "SwiftTerm" */;
			productName = SwiftTerm;
		};
		8448BBD15DA42029DD6D6212 /* NIOCore */ = {
			isa = XCSwiftPackageProductDependency;
			package = C0A7965240D6F9EA9E44B9A7 /* XCRemoteSwiftPackageReference "swift-nio" */;
			productName = NIOCore;
		};
		A8068A9EC5CBE6A47B603710 /* JARVISKit */ = {
			isa = XCSwiftPackageProductDependency;
			productName = JARVISKit;
		};
		BA99DC927D3AD3324FD8A12D /* NIOPosix */ = {
			isa = XCSwiftPackageProductDependency;
			package = C0A7965240D6F9EA9E44B9A7 /* XCRemoteSwiftPackageReference "swift-nio" */;
			productName = NIOPosix;
		};
		CFF3B3FAF711B9F03333ABD8 /* JARVISKit */ = {
			isa = XCSwiftPackageProductDependency;
			productName = JARVISKit;
		};
/* End XCSwiftPackageProductDependency section */
	};
	rootObject = ADD63BE4B2357052078A3C83 /* Project object */;
}
